hash = "53c14a60eccc6c30ca334742f1f0cd90"
updated = 2017-12-14T09:04:15Z
testImports = []

[[import]]
  package = "github.com/BurntSushi/toml"
  version = "a368813c5e648fee92e5f6c30e3944ff9d5e8895"

[[import]]
  package = "github.com/Masterminds/semver"
  version = "15d8430ab86497c5c0da827b748823945e1cf1e1"

[[import]]
  package = "github.com/Masterminds/vcs"
  version = "6f1c6d150500e452704e9863f68c2559f58616bf"

[[import]]
  package = "github.com/codegangsta/cli"
  version = "39908eb08fee7c10d842622a114a5c133fb0a3c6"

[[import]]
  package = "github.com/mitchellh/go-homedir"
  version = "b8bc1bf767474819792c23f32d8286a45736f1c6"

[[import]]
  package = "github.com/urfave/cli"
  version = "39908eb08fee7c10d842622a114a5c133fb0a3c6"
